
Microsoft Visual Studio Solution File, Format Version 12.00
# Visual Studio Version 17
VisualStudioVersion = 17.4.33213.308
MinimumVisualStudioVersion = 10.0.40219.1
Project("{FAE04EC0-301F-11D3-BF4B-00C04F79EFBC}") = "Mission06_twoodru8", "Mission06_twoodru8\Mission06_twoodru8.csproj", "{70249E49-CDA9-4025-A664-545B1F7FE69D}"
EndProject
Global
	GlobalSection(SolutionConfigurationPlatforms) = preSolution
		Debug|Any CPU = Debug|Any CPU
		Release|Any CPU = Release|Any CPU
	EndGlobalSection
	GlobalSection(ProjectConfigurationPlatforms) = postSolution
		{70249E49-CDA9-4025-A664-545B1F7FE69D}.Debug|Any CPU.ActiveCfg = Debug|Any CPU
		{70249E49-CDA9-4025-A664-545B1F7FE69D}.Debug|Any CPU.Build.0 = Debug|Any CPU
		{70249E49-CDA9-4025-A664-545B1F7FE69D}.Release|Any CPU.ActiveCfg = Release|Any CPU
		{70249E49-CDA9-4025-A664-545B1F7FE69D}.Release|Any CPU.Build.0 = Release|Any CPU
	EndGlobalSection
	GlobalSection(SolutionProperties) = preSolution
		HideSolutionNode = FALSE
	EndGlobalSection
	GlobalSection(ExtensibilityGlobals) = postSolution
		SolutionGuid = {E9B6783B-4E31-4D12-98CC-872190155E9F}
	EndGlobalSection
EndGlobal
